
Microsoft Visual Studio Solution File, Format Version 12.00
# Visual Studio Version 17
VisualStudioVersion = 17.8.34309.116
MinimumVisualStudioVersion = 10.0.40219.1
Project("{FAE04EC0-301F-11D3-BF4B-00C04F79EFBC}") = "DNSAuflösungHTMLTags", "DNSAuflösungHTMLTags.csproj", "{D7FCE227-E8CA-4746-8D6B-70EE57AA4086}"
EndProject
Global
	GlobalSection(SolutionConfigurationPlatforms) = preSolution
		Debug|Any CPU = Debug|Any CPU
		Release|Any CPU = Release|Any CPU
	EndGlobalSection
	GlobalSection(ProjectConfigurationPlatforms) = postSolution
		{D7FCE227-E8CA-4746-8D6B-70EE57AA4086}.Debug|Any CPU.ActiveCfg = Debug|Any CPU
		{D7FCE227-E8CA-4746-8D6B-70EE57AA4086}.Debug|Any CPU.Build.0 = Debug|Any CPU
		{D7FCE227-E8CA-4746-8D6B-70EE57AA4086}.Release|Any CPU.ActiveCfg = Release|Any CPU
		{D7FCE227-E8CA-4746-8D6B-70EE57AA4086}.Release|Any CPU.Build.0 = Release|Any CPU
	EndGlobalSection
	GlobalSection(SolutionProperties) = preSolution
		HideSolutionNode = FALSE
	EndGlobalSection
	GlobalSection(ExtensibilityGlobals) = postSolution
		SolutionGuid = {A420AB6F-45B7-4D53-8FFF-F241DA46EFC1}
	EndGlobalSection
EndGlobal
